
Microsoft Visual Studio Solution File, Format Version 11.00
# Visual Studio 2010
Project("{8BC9CEB8-8B4A-11D0-8D11-00A0C91BC942}") = "football", "football\football.vcxproj", "{64D0829B-415A-4FED-AA89-601E35032936}"
EndProject
Global
	GlobalSection(SolutionConfigurationPlatforms) = preSolution
		Debug|Win32 = Debug|Win32
		Release|Win32 = Release|Win32
	EndGlobalSection
	GlobalSection(ProjectConfigurationPlatforms) = postSolution
		{64D0829B-415A-4FED-AA89-601E35032936}.Debug|Win32.ActiveCfg = Debug|Win32
		{64D0829B-415A-4FED-AA89-601E35032936}.Debug|Win32.Build.0 = Debug|Win32
		{64D0829B-415A-4FED-AA89-601E35032936}.Release|Win32.ActiveCfg = Release|Win32
		{64D0829B-415A-4FED-AA89-601E35032936}.Release|Win32.Build.0 = Release|Win32
	EndGlobalSection
	GlobalSection(SolutionProperties) = preSolution
		HideSolutionNode = FALSE
	EndGlobalSection
EndGlobal
